# This file is automatically @generated by Poetry 2.1.3 and should not be changed by hand.

[[package]]
name = "absl-py"
version = "2.3.1"
description = "Abseil Python Common Libraries, see https://github.com/abseil/abseil-py."
optional = false
python-versions = ">=3.8"
groups = ["main"]
files = [
    {file = "absl_py-2.3.1-py3-none-any.whl", hash = "sha256:eeecf07f0c2a93ace0772c92e596ace6d3d3996c042b2128459aaae2a76de11d"},
    {file = "absl_py-2.3.1.tar.gz", hash = "sha256:a97820526f7fbfd2ec1bce83f3f25e3a14840dac0d8e02a0b71cd75db3f77fc9"},
]

[[package]]
name = "etils"
version = "1.13.0"
description = "Collection of common python utils"
optional = false
python-versions = ">=3.10"
groups = ["main"]
files = [
    {file = "etils-1.13.0-py3-none-any.whl", hash = "sha256:d9cd4f40fbe77ad6613b7348a18132cc511237b6c076dbb89105c0b520a4c6bb"},
    {file = "etils-1.13.0.tar.gz", hash = "sha256:a5b60c71f95bcd2d43d4e9fb3dc3879120c1f60472bb5ce19f7a860b1d44f607"},
]

[package.dependencies]
fsspec = {version = "*", optional = true, markers = "extra == \"epath\""}
importlib_resources = {version = "*", optional = true, markers = "extra == \"epath\""}
typing_extensions = {version = "*", optional = true, markers = "extra == \"epath\" or extra == \"epy\""}
zipp = {version = "*", optional = true, markers = "extra == \"epath\""}

[package.extras]
all = ["etils[array-types]", "etils[eapp]", "etils[ecolab]", "etils[edc]", "etils[enp]", "etils[epath-gcs]", "etils[epath-s3]", "etils[epath]", "etils[epy]", "etils[etqdm]", "etils[etree-dm]", "etils[etree-jax]", "etils[etree-tf]", "etils[etree]"]
array-types = ["etils[enp]"]
dev = ["chex", "fiddle", "optree", "pydantic", "pyink", "pylint (>=2.6.0)", "pytest", "pytest-subtests", "pytest-xdist", "tensorflow_datasets", "torch"]
docs = ["etils[all,dev]", "sphinx-apitree[ext]"]
eapp = ["absl-py", "etils[epy]", "simple_parsing"]
ecolab = ["etils[enp]", "etils[epy]", "etils[etree]", "jupyter", "mediapy", "numpy", "packaging", "protobuf"]
edc = ["etils[epy]"]
enp = ["einops", "etils[epy]", "numpy"]
epath = ["etils[epy]", "fsspec", "importlib_resources", "typing_extensions", "zipp"]
epath-gcs = ["etils[epath]", "gcsfs"]
epath-s3 = ["etils[epath]", "s3fs"]
epy = ["typing_extensions"]
etqdm = ["absl-py", "etils[epy]", "tqdm"]
etree = ["etils[array-types]", "etils[enp]", "etils[epy]", "etils[etqdm]"]
etree-dm = ["dm-tree", "etils[etree]"]
etree-jax = ["etils[etree]", "jax[cpu]"]
etree-tf = ["etils[etree]", "tensorflow"]
lazy-imports = ["etils[ecolab]"]

[[package]]
name = "fsspec"
version = "2025.12.0"
description = "File-system specification"
optional = false
python-versions = ">=3.10"
groups = ["main"]
files = [
    {file = "fsspec-2025.12.0-py3-none-any.whl", hash = "sha256:8bf1fe301b7d8acfa6e8571e3b1c3d158f909666642431cc78a1b7b4dbc5ec5b"},
    {file = "fsspec-2025.12.0.tar.gz", hash = "sha256:c505de011584597b1060ff778bb664c1bc022e87921b0e4f10cc9c44f9635973"},
]

[package.extras]
abfs = ["adlfs"]
adl = ["adlfs"]
arrow = ["pyarrow (>=1)"]
dask = ["dask", "distributed"]
dev = ["pre-commit", "ruff (>=0.5)"]
doc = ["numpydoc", "sphinx", "sphinx-design", "sphinx-rtd-theme", "yarl"]
dropbox = ["dropbox", "dropboxdrivefs", "requests"]
full = ["adlfs", "aiohttp (!=4.0.0a0,!=4.0.0a1)", "dask", "distributed", "dropbox", "dropboxdrivefs", "fusepy", "gcsfs", "libarchive-c", "ocifs", "panel", "paramiko", "pyarrow (>=1)", "pygit2", "requests", "s3fs", "smbprotocol", "tqdm"]
fuse = ["fusepy"]
gcs = ["gcsfs"]
git = ["pygit2"]
github = ["requests"]
gs = ["gcsfs"]
gui = ["panel"]
hdfs = ["pyarrow (>=1)"]
http = ["aiohttp (!=4.0.0a0,!=4.0.0a1)"]
libarchive = ["libarchive-c"]
oci = ["ocifs"]
s3 = ["s3fs"]
sftp = ["paramiko"]
smb = ["smbprotocol"]
ssh = ["paramiko"]
test = ["aiohttp (!=4.0.0a0,!=4.0.0a1)", "numpy", "pytest", "pytest-asyncio (!=0.22.0)", "pytest-benchmark", "pytest-cov", "pytest-mock", "pytest-recording", "pytest-rerunfailures", "requests"]
test-downstream = ["aiobotocore (>=2.5.4,<3.0.0)", "dask[dataframe,test]", "moto[server] (>4,<5)", "pytest-timeout", "xarray"]
test-full = ["adlfs", "aiohttp (!=4.0.0a0,!=4.0.0a1)", "cloudpickle", "dask", "distributed", "dropbox", "dropboxdrivefs", "fastparquet", "fusepy", "gcsfs", "jinja2", "kerchunk", "libarchive-c", "lz4", "notebook", "numpy", "ocifs", "pandas", "panel", "paramiko", "pyarrow", "pyarrow (>=1)", "pyftpdlib", "pygit2", "pytest", "pytest-asyncio (!=0.22.0)", "pytest-benchmark", "pytest-cov", "pytest-mock", "pytest-recording", "pytest-rerunfailures", "python-snappy", "requests", "smbprotocol", "tqdm", "urllib3", "zarr", "zstandard ; python_version < \"3.14\""]
tqdm = ["tqdm"]

[[package]]
name = "glfw"
version = "2.10.0"
description = "A ctypes-based wrapper for GLFW3."
optional = false
python-versions = "*"
groups = ["main"]
files = [
    {file = "glfw-2.10.0-py2.py27.py3.py30.py31.py32.py33.py34.py35.py36.py37.py38.p39.p310.p311.p312.p313-none-macosx_10_6_intel.whl", hash = "sha256:5f365a8c94bcea71ec91327e7c16e7cf739128479a18b8c1241b004b40acc412"},
    {file = "glfw-2.10.0-py2.py27.py3.py30.py31.py32.py33.py34.py35.py36.py37.py38.p39.p310.p311.p312.p313-none-macosx_11_0_arm64.whl", hash = "sha256:5328db1a92d07abd988730517ec02aa8390d3e6ef7ce98c8b57ecba2f43a39ba"},
    {file = "glfw-2.10.0-py2.py27.py3.py30.py31.py32.py33.py34.py35.py36.py37.py38.p39.p310.p311.p312.p313-none-manylinux2014_aarch64.whl", hash = "sha256:312c4c1dd5509613ed6bc1e95a8dbb75a36b6dcc4120f50dc3892b40172e9053"},
    {file = "glfw-2.10.0-py2.py27.py3.py30.py31.py32.py33.py34.py35.py36.py37.py38.p39.p310.p311.p312.p313-none-manylinux2014_x86_64.whl", hash = "sha256:59c53387dc08c62e8bed86bbe3a8d53ab1b27161281ffa0e7f27b64284e2627c"},
    {file = "glfw-2.10.0-py2.py27.py3.py30.py31.py32.py33.py34.py35.py36.py37.py38.p39.p310.p311.p312.p313-none-manylinux_2_28_aarch64.whl", hash = "sha256:c6f292fdaf3f9a99e598ede6582d21c523a6f51f8f5e66213849101a6bcdc699"},
    {file = "glfw-2.10.0-py2.py27.py3.py30.py31.py32.py33.py34.py35.py36.py37.py38.p39.p310.p311.p312.p313-none-manylinux_2_28_x86_64.whl", hash = "sha256:7916034efa867927892635733a3b6af8cd95ceb10566fd7f1e0d2763c2ee8b12"},
    {file = "glfw-2.10.0-py2.py27.py3.py30.py31.py32.py33.py34.py35.py36.py37.py38.p39.p310.p311.p312.p313-none-win32.whl", hash = "sha256:6c9549da71b93e367b4d71438798daae1da2592039fd14204a80a1a2348ae127"},
    {file = "glfw-2.10.0-py2.py27.py3.py30.py31.py32.py33.py34.py35.py36.py37.py38.p39.p310.p311.p312.p313-none-win_amd64.whl", hash = "sha256:6292d5d6634d668cd23d337e6089491d3945a9aa4ac6e1667b0003520d7caa51"},
    {file = "glfw-2.10.0.tar.gz", hash = "sha256:801e55d8581b34df9aa2cfea43feb06ff617576e2a8cc5dac23ee75b26d10abe"},
]

[package.extras]
preview = ["glfw-preview"]

[[package]]
name = "importlib-resources"
version = "6.5.2"
description = "Read resources from Python packages"
optional = false
python-versions = ">=3.9"
groups = ["main"]
files = [
    {file = "importlib_resources-6.5.2-py3-none-any.whl", hash = "sha256:789cfdc3ed28c78b67a06acb8126751ced69a3d5f79c095a98298cd8a760ccec"},
    {file = "importlib_resources-6.5.2.tar.gz", hash = "sha256:185f87adef5bcc288449d98fb4fba07cea78bc036455dd44c5fc4a2fe78fed2c"},
]

[package.extras]
check = ["pytest-checkdocs (>=2.4)", "pytest-ruff (>=0.2.1) ; sys_platform != \"cygwin\""]
cover = ["pytest-cov"]
doc = ["furo", "jaraco.packaging (>=9.3)", "jaraco.tidelift (>=1.4)", "rst.linker (>=1.9)", "sphinx (>=3.5)", "sphinx-lint"]
enabler = ["pytest-enabler (>=2.2)"]
test = ["jaraco.test (>=5.4)", "pytest (>=6,!=8.1.*)", "zipp (>=3.17)"]
type = ["pytest-mypy"]

[[package]]
name = "mujoco"
version = "3.4.0"
description = "MuJoCo Physics Simulator"
optional = false
python-versions = ">=3.9"
groups = ["main"]
files = [
    {file = "mujoco-3.4.0-cp310-cp310-macosx_10_16_x86_64.whl", hash = "sha256:b7ae8a534ecf6afab3abab3dc0718ea47f89a2e2f096905870cbf5faf23076c3"},
    {file = "mujoco-3.4.0-cp310-cp310-macosx_11_0_arm64.whl", hash = "sha256:7960cf47b4ed274955280200a812e6d780f03707d5258b42c3afb249051216ee"},
    {file = "mujoco-3.4.0-cp310-cp310-manylinux_2_27_aarch64.manylinux_2_28_aarch64.whl", hash = "sha256:0918ff57a92ba00a95538bf6f0c67973044953bb090b9fd811f9ee6cda4ffcb8"},
    {file = "mujoco-3.4.0-cp310-cp310-manylinux_2_27_x86_64.manylinux_2_28_x86_64.whl", hash = "sha256:1b2b8a75ea191ae577bfa2385ca6ecd6328f37f6f46bc3cfb41835b2653f716a"},
    {file = "mujoco-3.4.0-cp310-cp310-win_amd64.whl", hash = "sha256:ffe79a1476767806318b7dfbbb642e428b873385fb2d2f06e69d461459d01ed1"},
    {file = "mujoco-3.4.0-cp311-cp311-macosx_10_16_x86_64.whl", hash = "sha256:b456e1d6c3ca7010480d52f7645e49f4b564952063c5a52af1524e226ea72920"},
    {file = "mujoco-3.4.0-cp311-cp311-macosx_11_0_arm64.whl", hash = "sha256:98d3ab7b02d99ac2866bb111807797549853d6ddf485ddc072cec3c1d33dfad8"},
    {file = "mujoco-3.4.0-cp311-cp311-manylinux_2_27_aarch64.manylinux_2_28_aarch64.whl", hash = "sha256:00088b3879cff675b0bad2ddaf27f1088d7d35f020903c25088c43360adcc311"},
    {file = "mujoco-3.4.0-cp311-cp311-manylinux_2_27_x86_64.manylinux_2_28_x86_64.whl", hash = "sha256:c0b3dce70abdd0ac6475bb8040d7d97a4e3ccf5f6a00cc06086b7a169e246522"},
    {file = "mujoco-3.4.0-cp311-cp311-win_amd64.whl", hash = "sha256:e0ab4a450826ca04db11608325b37adf77dee4cde2a9dd9d43e6fa46c44545a9"},
    {file = "mujoco-3.4.0-cp312-cp312-macosx_10_16_x86_64.whl", hash = "sha256:96bccc995fc561078b5cac1e53f8ba2ba8619348bc0c6cff15bbf6f9a441d220"},
    {file = "mujoco-3.4.0-cp312-cp312-macosx_11_0_arm64.whl", hash = "sha256:339800c695166c8041cdef95ea5384fc607ad1b86c19528c785a17ed742c3a5e"},
    {file = "mujoco-3.4.0-cp312-cp312-manylinux_2_27_aarch64.manylinux_2_28_aarch64.whl", hash = "sha256:1efdab2b146cdbcef4560606b6cbc74abe80f2b94a8593a5cdc469172085a2b3"},
    {file = "mujoco-3.4.0-cp312-cp312-manylinux_2_27_x86_64.manylinux_2_28_x86_64.whl", hash = "sha256:8e5a36e61495be2a855f61194813e1277ab4b330cc180e50c8e3c7a459dc40b6"},
    {file = "mujoco-3.4.0-cp312-cp312-win_amd64.whl", hash = "sha256:10314213c395aedeaf2778596e78dd9ae01d74dc92d4f75c696707781d59826a"},
    {file = "mujoco-3.4.0-cp313-cp313-macosx_10_16_x86_64.whl", hash = "sha256:345fb5adb4e9c1c108aab2ff8418280edf61cec5b705c483eae680c4cf350898"},
    {file = "mujoco-3.4.0-cp313-cp313-macosx_11_0_arm64.whl", hash = "sha256:87a68d063d06d261e83755093e79371901b6a8171b0b8b88dcb020f966d4e463"},
    {file = "mujoco-3.4.0-cp313-cp313-manylinux_2_27_aarch64.manylinux_2_28_aarch64.whl", hash = "sha256:06cd3366b9548b251c3170c9b073e41a9f4a621b4f7e59ceb5fee8c46f6165ca"},
    {file = "mujoco-3.4.0-cp313-cp313-manylinux_2_27_x86_64.manylinux_2_28_x86_64.whl", hash = "sha256:7edaffb223cf1343ed980030c466170eb8f9d624cf69c9a99925cbce371f22db"},
    {file = "mujoco-3.4.0-cp313-cp313-win_amd64.whl", hash = "sha256:c01a842a17c0229dce2fb65a051a8e6ee5f5307c50c825c850e3702dda4344e6"},
    {file = "mujoco-3.4.0.tar.gz", hash = "sha256:5a6dc6b7db41eb0ab8724cd477bd0316ba4b53debfc2d80a2d6f444a116fb8d2"},
]

[package.dependencies]
absl-py = "*"
etils = {version = "*", extras = ["epath"]}
glfw = "*"
numpy = "*"
pyopengl = "*"

[package.extras]
usd = ["pillow", "usd-core"]

[[package]]
name = "numpy"
version = "2.4.0"
description = "Fundamental package for array computing in Python"
optional = false
python-versions = ">=3.11"
groups = ["main"]
files = [
    {file = "numpy-2.4.0-cp311-cp311-macosx_10_9_x86_64.whl", hash = "sha256:316b2f2584682318539f0bcaca5a496ce9ca78c88066579ebd11fd06f8e4741e"},
    {file = "numpy-2.4.0-cp311-cp311-macosx_11_0_arm64.whl", hash = "sha256:a2718c1de8504121714234b6f8241d0019450353276c88b9453c9c3d92e101db"},
    {file = "numpy-2.4.0-cp311-cp311-macosx_14_0_arm64.whl", hash = "sha256:21555da4ec4a0c942520ead42c3b0dc9477441e085c42b0fbdd6a084869a6f6b"},
    {file = "numpy-2.4.0-cp311-cp311-macosx_14_0_x86_64.whl", hash = "sha256:413aa561266a4be2d06cd2b9665e89d9f54c543f418773076a76adcf2af08bc7"},
    {file = "numpy-2.4.0-cp311-cp311-manylinux_2_27_aarch64.manylinux_2_28_aarch64.whl", hash = "sha256:0feafc9e03128074689183031181fac0897ff169692d8492066e949041096548"},
    {file = "numpy-2.4.0-cp311-cp311-manylinux_2_27_x86_64.manylinux_2_28_x86_64.whl", hash = "sha256:a8fdfed3deaf1928fb7667d96e0567cdf58c2b370ea2ee7e586aa383ec2cb346"},
    {file = "numpy-2.4.0-cp311-cp311-musllinux_1_2_aarch64.whl", hash = "sha256:e06a922a469cae9a57100864caf4f8a97a1026513793969f8ba5b63137a35d25"},
    {file = "numpy-2.4.0-cp311-cp311-musllinux_1_2_x86_64.whl", hash = "sha256:927ccf5cd17c48f801f4ed43a7e5673a2724bd2171460be3e3894e6e332ef83a"},
    {file = "numpy-2.4.0-cp311-cp311-win32.whl", hash = "sha256:882567b7ae57c1b1a0250208cc21a7976d8cbcc49d5a322e607e6f09c9e0bd53"},
    {file = "numpy-2.4.0-cp311-cp311-win_amd64.whl", hash = "sha256:8b986403023c8f3bf8f487c2e6186afda156174d31c175f747d8934dfddf3479"},
    {file = "numpy-2.4.0-cp311-cp311-win_arm64.whl", hash = "sha256:3f3096405acc48887458bbf9f6814d43785ac7ba2a57ea6442b581dedbc60ce6"},
    {file = "numpy-2.4.0-cp312-cp312-macosx_10_13_x86_64.whl", hash = "sha256:2a8b6bb8369abefb8bd1801b054ad50e02b3275c8614dc6e5b0373c305291037"},
    {file = "numpy-2.4.0-cp312-cp312-macosx_11_0_arm64.whl", hash = "sha256:2e284ca13d5a8367e43734148622caf0b261b275673823593e3e3634a6490f83"},
    {file = "numpy-2.4.0-cp312-cp312-macosx_14_0_arm64.whl", hash = "sha256:49ff32b09f5aa0cd30a20c2b39db3e669c845589f2b7fc910365210887e39344"},
    {file = "numpy-2.4.0-cp312-cp312-macosx_14_0_x86_64.whl", hash = "sha256:36cbfb13c152b1c7c184ddac43765db8ad672567e7bafff2cc755a09917ed2e6"},
    {file = "numpy-2.4.0-cp312-cp312-manylinux_2_27_aarch64.manylinux_2_28_aarch64.whl", hash = "sha256:35ddc8f4914466e6fc954c76527aa91aa763682a4f6d73249ef20b418fe6effb"},
    {file = "numpy-2.4.0-cp312-cp312-manylinux_2_27_x86_64.manylinux_2_28_x86_64.whl", hash = "sha256:dc578891de1db95b2a35001b695451767b580bb45753717498213c5ff3c41d63"},
    {file = "numpy-2.4.0-cp312-cp312-musllinux_1_2_aarch64.whl", hash = "sha256:98e81648e0b36e325ab67e46b5400a7a6d4a22b8a7c8e8bbfe20e7db7906bf95"},
    {file = "numpy-2.4.0-cp312-cp312-musllinux_1_2_x86_64.whl", hash = "sha256:d57b5046c120561ba8fa8e4030fbb8b822f3063910fa901ffadf16e2b7128ad6"},
    {file = "numpy-2.4.0-cp312-cp312-win32.whl", hash = "sha256:92190db305a6f48734d3982f2c60fa30d6b5ee9bff10f2887b930d7b40119f4c"},
    {file = "numpy-2.4.0-cp312-cp312-win_amd64.whl", hash = "sha256:680060061adb2d74ce352628cb798cfdec399068aa7f07ba9fb818b2b3305f98"},
    {file = "numpy-2.4.0-cp312-cp312-win_arm64.whl", hash = "sha256:39699233bc72dd482da1415dcb06076e32f60eddc796a796c5fb6c5efce94667"},
    {file = "numpy-2.4.0-cp313-cp313-macosx_10_13_x86_64.whl", hash = "sha256:a152d86a3ae00ba5f47b3acf3b827509fd0b6cb7d3259665e63dafbad22a75ea"},
    {file = "numpy-2.4.0-cp313-cp313-macosx_11_0_arm64.whl", hash = "sha256:39b19251dec4de8ff8496cd0806cbe27bf0684f765abb1f4809554de93785f2d"},
    {file = "numpy-2.4.0-cp313-cp313-macosx_14_0_arm64.whl", hash = "sha256:009bd0ea12d3c784b6639a8457537016ce5172109e585338e11334f6a7bb88ee"},
    {file = "numpy-2.4.0-cp313-cp313-macosx_14_0_x86_64.whl", hash = "sha256:5fe44e277225fd3dff6882d86d3d447205d43532c3627313d17e754fb3905a0e"},
    {file = "numpy-2.4.0-cp313-cp313-manylinux_2_27_aarch64.manylinux_2_28_aarch64.whl", hash = "sha256:f935c4493eda9069851058fa0d9e39dbf6286be690066509305e52912714dbb2"},
    {file = "numpy-2.4.0-cp313-cp313-manylinux_2_27_x86_64.manylinux_2_28_x86_64.whl", hash = "sha256:8cfa5f29a695cb7438965e6c3e8d06e0416060cf0d709c1b1c1653a939bf5c2a"},
    {file = "numpy-2.4.0-cp313-cp313-musllinux_1_2_aarch64.whl", hash = "sha256:ba0cb30acd3ef11c94dc27fbfba68940652492bc107075e7ffe23057f9425681"},
    {file = "numpy-2.4.0-cp313-cp313-musllinux_1_2_x86_64.whl", hash = "sha256:60e8c196cd82cbbd4f130b5290007e13e6de3eca79f0d4d38014769d96a7c475"},
    {file = "numpy-2.4.0-cp313-cp313-win32.whl", hash = "sha256:5f48cb3e88fbc294dc90e215d86fbaf1c852c63dbdb6c3a3e63f45c4b57f7344"},
    {file = "numpy-2.4.0-cp313-cp313-win_amd64.whl", hash = "sha256:a899699294f28f7be8992853c0c60741f16ff199205e2e6cdca155762cbaa59d"},
    {file = "numpy-2.4.0-cp313-cp313-win_arm64.whl", hash = "sha256:9198f447e1dc5647d07c9a6bbe2063cc0132728cc7175b39dbc796da5b54920d"},
    {file = "numpy-2.4.0-cp313-cp313t-macosx_11_0_arm64.whl", hash = "sha256:74623f2ab5cc3f7c886add4f735d1031a1d2be4a4ae63c0546cfd74e7a31ddf6"},
    {file = "numpy-2.4.0-cp313-cp313t-macosx_14_0_arm64.whl", hash = "sha256:0804a8e4ab070d1d35496e65ffd3cf8114c136a2b81f61dfab0de4b218aacfd5"},
    {file = "numpy-2.4.0-cp313-cp313t-macosx_14_0_x86_64.whl", hash = "sha256:02a2038eb27f9443a8b266a66911e926566b5a6ffd1a689b588f7f35b81e7dc3"},
    {file = "numpy-2.4.0-cp313-cp313t-manylinux_2_27_aarch64.manylinux_2_28_aarch64.whl", hash = "sha256:1889b3a3f47a7b5bee16bc25a2145bd7cb91897f815ce3499db64c7458b6d91d"},
    {file = "numpy-2.4.0-cp313-cp313t-manylinux_2_27_x86_64.manylinux_2_28_x86_64.whl", hash = "sha256:85eef4cb5625c47ee6425c58a3502555e10f45ee973da878ac8248ad58c136f3"},
    {file = "numpy-2.4.0-cp313-cp313t-musllinux_1_2_aarch64.whl", hash = "sha256:6dc8b7e2f4eb184b37655195f421836cfae6f58197b67e3ffc501f1333d993fa"},
    {file = "numpy-2.4.0-cp313-cp313t-musllinux_1_2_x86_64.whl", hash = "sha256:44aba2f0cafd287871a495fb3163408b0bd25bbce135c6f621534a07f4f7875c"},
    {file = "numpy-2.4.0-cp313-cp313t-win32.whl", hash = "sha256:20c115517513831860c573996e395707aa9fb691eb179200125c250e895fcd93"},
    {file = "numpy-2.4.0-cp313-cp313t-win_amd64.whl", hash = "sha256:b48e35f4ab6f6a7597c46e301126ceba4c44cd3280e3750f85db48b082624fa4"},
    {file = "numpy-2.4.0-cp313-cp313t-win_arm64.whl", hash = "sha256:4d1cfce39e511069b11e67cd0bd78ceff31443b7c9e5c04db73c7a19f572967c"},
    {file = "numpy-2.4.0-cp314-cp314-macosx_10_15_x86_64.whl", hash = "sha256:c95eb6db2884917d86cde0b4d4cf31adf485c8ec36bf8696dd66fa70de96f36b"},
    {file = "numpy-2.4.0-cp314-cp314-macosx_11_0_arm64.whl", hash = "sha256:65167da969cd1ec3a1df31cb221ca3a19a8aaa25370ecb17d428415e93c1935e"},
    {file = "numpy-2.4.0-cp314-cp314-macosx_14_0_arm64.whl", hash = "sha256:3de19cfecd1465d0dcf8a5b5ea8b3155b42ed0b639dba4b71e323d74f2a3be5e"},
    {file = "numpy-2.4.0-cp314-cp314-macosx_14_0_x86_64.whl", hash = "sha256:6c05483c3136ac4c91b4e81903cb53a8707d316f488124d0398499a4f8e8ef51"},
    {file = "numpy-2.4.0-cp314-cp314-manylinux_2_27_aarch64.manylinux_2_28_aarch64.whl", hash = "sha256:36667db4d6c1cea79c8930ab72fadfb4060feb4bfe724141cd4bd064d2e5f8ce"},
    {file = "numpy-2.4.0-cp314-cp314-manylinux_2_27_x86_64.manylinux_2_28_x86_64.whl", hash = "sha256:9a818668b674047fd88c4cddada7ab8f1c298812783e8328e956b78dc4807f9f"},
    {file = "numpy-2.4.0-cp314-cp314-musllinux_1_2_aarch64.whl", hash = "sha256:1ee32359fb7543b7b7bd0b2f46294db27e29e7bbdf70541e81b190836cd83ded"},
    {file = "numpy-2.4.0-cp314-cp314-musllinux_1_2_x86_64.whl", hash = "sha256:e493962256a38f58283de033d8af176c5c91c084ea30f15834f7545451c42059"},
    {file = "numpy-2.4.0-cp314-cp314-win32.whl", hash = "sha256:6bbaebf0d11567fa8926215ae731e1d58e6ec28a8a25235b8a47405d301332db"},
    {file = "numpy-2.4.0-cp314-cp314-win_amd64.whl", hash = "sha256:3d857f55e7fdf7c38ab96c4558c95b97d1c685be6b05c249f5fdafcbd6f9899e"},
    {file = "numpy-2.4.0-cp314-cp314-win_arm64.whl", hash = "sha256:bb50ce5fb202a26fd5404620e7ef820ad1ab3558b444cb0b55beb7ef66cd2d63"},
    {file = "numpy-2.4.0-cp314-cp314t-macosx_11_0_arm64.whl", hash = "sha256:355354388cba60f2132df297e2d53053d4063f79077b67b481d21276d61fc4df"},
    {file = "numpy-2.4.0-cp314-cp314t-macosx_14_0_arm64.whl", hash = "sha256:1d8f9fde5f6dc1b6fc34df8162f3b3079365468703fee7f31d4e0cc8c63baed9"},
    {file = "numpy-2.4.0-cp314-cp314t-macosx_14_0_x86_64.whl", hash = "sha256:e0434aa22c821f44eeb4c650b81c7fbdd8c0122c6c4b5a576a76d5a35625ecd9"},
    {file = "numpy-2.4.0-cp314-cp314t-manylinux_2_27_aarch64.manylinux_2_28_aarch64.whl", hash = "sha256:40483b2f2d3ba7aad426443767ff5632ec3156ef09742b96913787d13c336471"},
    {file = "numpy-2.4.0-cp314-cp314t-manylinux_2_27_x86_64.manylinux_2_28_x86_64.whl", hash = "sha256:d9e6a7664ddd9746e20b7325351fe1a8408d0a2bf9c63b5e898290ddc8f09544"},
    {file = "numpy-2.4.0-cp314-cp314t-musllinux_1_2_aarch64.whl", hash = "sha256:ecb0019d44f4cdb50b676c5d0cb4b1eae8e15d1ed3d3e6639f986fc92b2ec52c"},
    {file = "numpy-2.4.0-cp314-cp314t-musllinux_1_2_x86_64.whl", hash = "sha256:d0ffd9e2e4441c96a9c91ec1783285d80bf835b677853fc2770a89d50c1e48ac"},
    {file = "numpy-2.4.0-cp314-cp314t-win32.whl", hash = "sha256:77f0d13fa87036d7553bf81f0e1fe3ce68d14c9976c9851744e4d3e91127e95f"},
    {file = "numpy-2.4.0-cp314-cp314t-win_amd64.whl", hash = "sha256:b1f5b45829ac1848893f0ddf5cb326110604d6df96cdc255b0bf9edd154104d4"},
    {file = "numpy-2.4.0-cp314-cp314t-win_arm64.whl", hash = "sha256:23a3e9d1a6f360267e8fbb38ba5db355a6a7e9be71d7fce7ab3125e88bb646c8"},
    {file = "numpy-2.4.0-pp311-pypy311_pp73-macosx_10_15_x86_64.whl", hash = "sha256:b54c83f1c0c0f1d748dca0af516062b8829d53d1f0c402be24b4257a9c48ada6"},
    {file = "numpy-2.4.0-pp311-pypy311_pp73-macosx_11_0_arm64.whl", hash = "sha256:aabb081ca0ec5d39591fc33018cd4b3f96e1a2dd6756282029986d00a785fba4"},
    {file = "numpy-2.4.0-pp311-pypy311_pp73-macosx_14_0_arm64.whl", hash = "sha256:8eafe7c36c8430b7794edeab3087dec7bf31d634d92f2af9949434b9d1964cba"},
    {file = "numpy-2.4.0-pp311-pypy311_pp73-macosx_14_0_x86_64.whl", hash = "sha256:2f585f52b2baf07ff3356158d9268ea095e221371f1074fadea2f42544d58b4d"},
    {file = "numpy-2.4.0-pp311-pypy311_pp73-manylinux_2_27_aarch64.manylinux_2_28_aarch64.whl", hash = "sha256:32ed06d0fe9cae27d8fb5f400c63ccee72370599c75e683a6358dd3a4fb50aaf"},
    {file = "numpy-2.4.0-pp311-pypy311_pp73-manylinux_2_27_x86_64.manylinux_2_28_x86_64.whl", hash = "sha256:57c540ed8fb1f05cb997c6761cd56db72395b0d6985e90571ff660452ade4f98"},
    {file = "numpy-2.4.0-pp311-pypy311_pp73-win_amd64.whl", hash = "sha256:a39fb973a726e63223287adc6dafe444ce75af952d711e400f3bf2b36ef55a7b"},
    {file = "numpy-2.4.0.tar.gz", hash = "sha256:6e504f7b16118198f138ef31ba24d985b124c2c469fe8467007cf30fd992f934"},
]

[[package]]
name = "pyopengl"
version = "3.1.10"
description = "Standard OpenGL bindings for Python"
optional = false
python-versions = "*"
groups = ["main"]
files = [
    {file = "pyopengl-3.1.10-py3-none-any.whl", hash = "sha256:794a943daced39300879e4e47bd94525280685f42dbb5a998d336cfff151d74f"},
    {file = "pyopengl-3.1.10.tar.gz", hash = "sha256:c4a02d6866b54eb119c8e9b3fb04fa835a95ab802dd96607ab4cdb0012df8335"},
]

[[package]]
name = "typing-extensions"
version = "4.15.0"
description = "Backported and Experimental Type Hints for Python 3.9+"
optional = false
python-versions = ">=3.9"
groups = ["main"]
files = [
    {file = "typing_extensions-4.15.0-py3-none-any.whl", hash = "sha256:f0fa19c6845758ab08074a0cfa8b7aecb71c999ca73d62883bc25cc018c4e548"},
    {file = "typing_extensions-4.15.0.tar.gz", hash = "sha256:0cea48d173cc12fa28ecabc3b837ea3cf6f38c6d1136f85cbaaf598984861466"},
]

[[package]]
name = "zipp"
version = "3.23.0"
description = "Backport of pathlib-compatible object wrapper for zip files"
optional = false
python-versions = ">=3.9"
groups = ["main"]
files = [
    {file = "zipp-3.23.0-py3-none-any.whl", hash = "sha256:071652d6115ed432f5ce1d34c336c0adfd6a884660d1e9712a256d3d3bd4b14e"},
    {file = "zipp-3.23.0.tar.gz", hash = "sha256:a07157588a12518c9d4034df3fbbee09c814741a33ff63c05fa29d26a2404166"},
]

[package.extras]
check = ["pytest-checkdocs (>=2.4)", "pytest-ruff (>=0.2.1) ; sys_platform != \"cygwin\""]
cover = ["pytest-cov"]
doc = ["furo", "jaraco.packaging (>=9.3)", "jaraco.tidelift (>=1.4)", "rst.linker (>=1.9)", "sphinx (>=3.5)", "sphinx-lint"]
enabler = ["pytest-enabler (>=2.2)"]
test = ["big-O", "jaraco.functools", "jaraco.itertools", "jaraco.test", "more_itertools", "pytest (>=6,!=8.1.*)", "pytest-ignore-flaky"]
type = ["pytest-mypy"]

[metadata]
lock-version = "2.1"
python-versions = ">=3.11"
content-hash = "f39c28b526c72983c2a844d6d23adc03f5c4748c8c3a8ad52b894017a2207223"
